<?xml version="1.0" encoding="utf-8"?>
<Project ToolsVersion="4.0" xmlns="http://schemas.microsoft.com/developer/msbuild/2003">
  <ItemGroup>
    <Filter Include="源文件">
      <UniqueIdentifier>{4FC737F1-C7A5-4376-A066-2A32D752A2FF}</UniqueIdentifier>
      <Extensions>cpp;c;cc;cxx;def;odl;idl;hpj;bat;asm;asmx</Extensions>
    </Filter>
    <Filter Include="头文件">
      <UniqueIdentifier>{93995380-89BD-4b04-88EB-625FBE52EBFB}</UniqueIdentifier>
      <Extensions>h;hh;hpp;hxx;hm;inl;inc;ipp;xsd</Extensions>
    </Filter>
    <Filter Include="资源文件">
      <UniqueIdentifier>{67DA6AB6-F800-4c08-8B7A-83BB121AAD01}</UniqueIdentifier>
      <Extensions>rc;ico;cur;bmp;dlg;rc2;rct;bin;rgs;gif;jpg;jpeg;jpe;resx;tiff;tif;png;wav;mfcribbon-ms</Extensions>
    </Filter>
  </ItemGroup>
  <ItemGroup>
    <ClCompile Include="Basic\test.cpp">
      <Filter>源文件</Filter>
    </ClCompile>
    <ClCompile Include="Basic\13.cpp">
      <Filter>源文件</Filter>
    </ClCompile>
    <ClCompile Include="Basic\14.cpp">
      <Filter>源文件</Filter>
    </ClCompile>
    <ClCompile Include="Advanced\1001.cpp">
      <Filter>源文件</Filter>
    </ClCompile>
    <ClCompile Include="Advanced\1002.cpp">
      <Filter>源文件</Filter>
    </ClCompile>
    <ClCompile Include="Advanced\1003.cpp">
      <Filter>源文件</Filter>
    </ClCompile>
    <ClCompile Include="Basic\B1026.cpp">
      <Filter>源文件</Filter>
    </ClCompile>
    <ClCompile Include="Basic\B46.cpp">
      <Filter>源文件</Filter>
    </ClCompile>
    <ClCompile Include="Advanced\A42.cpp">
      <Filter>源文件</Filter>
    </ClCompile>
    <ClCompile Include="Advanced\A46.cpp">
      <Filter>源文件</Filter>
    </ClCompile>
    <ClCompile Include="Advanced\A65.cpp">
      <Filter>源文件</Filter>
    </ClCompile>
    <ClCompile Include="Advanced\A09.cpp">
      <Filter>源文件</Filter>
    </ClCompile>
    <ClCompile Include="Basic\B41.cpp">
      <Filter>源文件</Filter>
    </ClCompile>
    <ClCompile Include="Basic\B28.cpp">
      <Filter>源文件</Filter>
    </ClCompile>
    <ClCompile Include="Basic\B32.cpp">
      <Filter>源文件</Filter>
    </ClCompile>
    <ClCompile Include="Advanced\A11.cpp">
      <Filter>源文件</Filter>
    </ClCompile>
    <ClCompile Include="Advanced\A06.cpp">
      <Filter>源文件</Filter>
    </ClCompile>
    <ClCompile Include="Advanced\A36.cpp">
      <Filter>源文件</Filter>
    </ClCompile>
    <ClCompile Include="Basic\B36.cpp">
      <Filter>源文件</Filter>
    </ClCompile>
    <ClCompile Include="Basic\B27.cpp">
      <Filter>源文件</Filter>
    </ClCompile>
    <ClCompile Include="Advanced\A31.cpp">
      <Filter>源文件</Filter>
    </ClCompile>
    <ClCompile Include="Basic\B37.cpp">
      <Filter>源文件</Filter>
    </ClCompile>
    <ClCompile Include="Advanced\A19.cpp">
      <Filter>源文件</Filter>
    </ClCompile>
    <ClCompile Include="Advanced\A27.cpp">
      <Filter>源文件</Filter>
    </ClCompile>
    <ClCompile Include="Advanced\A58.cpp">
      <Filter>源文件</Filter>
    </ClCompile>
    <ClCompile Include="Basic\B31.cpp">
      <Filter>源文件</Filter>
    </ClCompile>
    <ClCompile Include="Basic\B48.cpp">
      <Filter>源文件</Filter>
    </ClCompile>
    <ClCompile Include="Advanced\A35.cpp">
      <Filter>源文件</Filter>
    </ClCompile>
    <ClCompile Include="Advanced\A5.cpp">
      <Filter>源文件</Filter>
    </ClCompile>
    <ClCompile Include="Advanced\A77.cpp">
      <Filter>源文件</Filter>
    </ClCompile>
    <ClCompile Include="Advanced\TemplateFile.cpp">
      <Filter>头文件</Filter>
    </ClCompile>
    <ClCompile Include="Advanced\A82.cpp">
      <Filter>源文件</Filter>
    </ClCompile>
  </ItemGroup>
</Project>