<?xml version="1.0" encoding="utf-8"?>
<Project ToolsVersion="4.0" xmlns="http://schemas.microsoft.com/developer/msbuild/2003">
  <ItemGroup>
    <Filter Include="源文件">
      <UniqueIdentifier>{4FC737F1-C7A5-4376-A066-2A32D752A2FF}</UniqueIdentifier>
      <Extensions>cpp;c;cc;cxx;def;odl;idl;hpj;bat;asm;asmx</Extensions>
    </Filter>
    <Filter Include="头文件">
      <UniqueIdentifier>{93995380-89BD-4b04-88EB-625FBE52EBFB}</UniqueIdentifier>
      <Extensions>h;hh;hpp;hxx;hm;inl;inc;ipp;xsd</Extensions>
    </Filter>
    <Filter Include="资源文件">
      <UniqueIdentifier>{67DA6AB6-F800-4c08-8B7A-83BB121AAD01}</UniqueIdentifier>
      <Extensions>rc;ico;cur;bmp;dlg;rc2;rct;bin;rgs;gif;jpg;jpeg;jpe;resx;tiff;tif;png;wav;mfcribbon-ms</Extensions>
    </Filter>
  </ItemGroup>
  <ItemGroup>
    <ClCompile Include="Basic\test.cpp">
      <Filter>源文件</Filter>
    </ClCompile>
    <ClCompile Include="Basic\13.cpp">
      <Filter>源文件</Filter>
    </ClCompile>
    <ClCompile Include="Basic\14.cpp">
      <Filter>源文件</Filter>
    </ClCompile>
    <ClCompile Include="Advanced\1001.cpp">
      <Filter>源文件</Filter>
    </ClCompile>
    <ClCompile Include="Advanced\1002.cpp">
      <Filter>源文件</Filter>
    </ClCompile>
    <ClCompile Include="Advanced\1003.cpp">
      <Filter>源文件</Filter>
    </ClCompile>
    <ClCompile Include="Basic\B1026.cpp">
      <Filter>源文件</Filter>
    </ClCompile>
    <ClCompile Include="Basic\B46.cpp">
      <Filter>源文件</Filter>
    </ClCompile>
    <ClCompile Include="Advanced\A42.cpp">
      <Filter>源文件</Filter>
    </ClCompile>
    <ClCompile Include="Advanced\A46.cpp">
      <Filter>源文件</Filter>
    </ClCompile>
    <ClCompile Include="Advanced\A65.cpp">
      <Filter>源文件</Filter>
    </ClCompile>
    <ClCompile Include="Advanced\A09.cpp">
      <Filter>源文件</Filter>
    </ClCompile>
    <ClCompile Include="Basic\B41.cpp">
      <Filter>源文件</Filter>
    </ClCompile>
    <ClCompile Include="Basic\B28.cpp">
      <Filter>源文件</Filter>
    </ClCompile>
    <ClCompile Include="Basic\B32.cpp">
      <Filter>源文件</Filter>
    </ClCompile>
    <ClCompile Include="Advanced\A11.cpp">
      <Filter>源文件</Filter>
    </ClCompile>
    <ClCompile Include="Advanced\A06.cpp">
      <Filter>源文件</Filter>
    </ClCompile>
    <ClCompile Include="Advanced\A36.cpp">
      <Filter>源文件</Filter>
    </ClCompile>
    <ClCompile Include="Basic\B36.cpp">
      <Filter>源文件</Filter>
    </ClCompile>
    <ClCompile Include="Basic\B27.cpp">
      <Filter>源文件</Filter>
    </ClCompile>
    <ClCompile Include="Advanced\A31.cpp">
      <Filter>源文件</Filter>
    </ClCompile>
    <ClCompile Include="Basic\B37.cpp">
      <Filter>源文件</Filter>
    </ClCompile>
    <ClCompile Include="Advanced\A19.cpp">
      <Filter>源文件</Filter>
    </ClCompile>
    <ClCompile Include="Advanced\A27.cpp">
      <Filter>源文件</Filter>
    </ClCompile>
    <ClCompile Include="Advanced\A58.cpp">
      <Filter>源文件</Filter>
    </ClCompile>
    <ClCompile Include="Basic\B31.cpp">
      <Filter>源文件</Filter>
    </ClCompile>
    <ClCompile Include="Basic\B48.cpp">
      <Filter>源文件</Filter>
    </ClCompile>
    <ClCompile Include="Advanced\A35.cpp">
      <Filter>源文件</Filter>
    </ClCompile>
    <ClCompile Include="Advanced\A5.cpp">
      <Filter>源文件</Filter>
    </ClCompile>
    <ClCompile Include="Advanced\A77.cpp">
      <Filter>源文件</Filter>
    </ClCompile>
    <ClCompile Include="Advanced\TemplateFile.cpp">
      <Filter>头文件</Filter>
    </ClCompile>
    <ClCompile Include="Advanced\A82.cpp">
      <Filter>源文件</Filter>
    </ClCompile>
    <ClCompile Include="Advanced\A12.cpp">
      <Filter>源文件</Filter>
    </ClCompile>
    <ClCompile Include="Advanced\A16.cpp">
      <Filter>源文件</Filter>
    </ClCompile>
    <ClCompile Include="Advanced\A25.cpp">
      <Filter>源文件</Filter>
    </ClCompile>
    <ClCompile Include="Advanced\A28.cpp">
      <Filter>源文件</Filter>
    </ClCompile>
    <ClCompile Include="Basic\B95.cpp">
      <Filter>源文件</Filter>
    </ClCompile>
    <ClCompile Include="Advanced\A55.cpp">
      <Filter>源文件</Filter>
    </ClCompile>
    <ClCompile Include="Advanced\A75.cpp">
      <Filter>源文件</Filter>
    </ClCompile>
    <ClCompile Include="Advanced\A83.cpp">
      <Filter>源文件</Filter>
    </ClCompile>
    <ClCompile Include="Advanced\A80.cpp">
      <Filter>源文件</Filter>
    </ClCompile>
    <ClCompile Include="Advanced\A95.cpp">
      <Filter>源文件</Filter>
    </ClCompile>
    <ClCompile Include="Advanced\A84.cpp">
      <Filter>源文件</Filter>
    </ClCompile>
    <ClCompile Include="Basic\B33.cpp">
      <Filter>源文件</Filter>
    </ClCompile>
    <ClCompile Include="Basic\B38.cpp">
      <Filter>源文件</Filter>
    </ClCompile>
    <ClCompile Include="Advanced\A92.cpp">
      <Filter>源文件</Filter>
    </ClCompile>
    <ClCompile Include="Basic\B42.cpp">
      <Filter>源文件</Filter>
    </ClCompile>
    <ClCompile Include="Basic\B43.cpp">
      <Filter>源文件</Filter>
    </ClCompile>
    <ClCompile Include="Basic\B47.cpp">
      <Filter>源文件</Filter>
    </ClCompile>
    <ClCompile Include="Advanced\A41.cpp">
      <Filter>源文件</Filter>
    </ClCompile>
    <ClCompile Include="Advanced\A50.cpp">
      <Filter>源文件</Filter>
    </ClCompile>
    <ClCompile Include="Advanced\A48.cpp">
      <Filter>源文件</Filter>
    </ClCompile>
    <ClCompile Include="Advanced\A33.cpp">
      <Filter>源文件</Filter>
    </ClCompile>
    <ClCompile Include="Advanced\A37.cpp">
      <Filter>源文件</Filter>
    </ClCompile>
    <ClCompile Include="Advanced\A67.cpp">
      <Filter>源文件</Filter>
    </ClCompile>
    <ClCompile Include="Advanced\A38.cpp">
      <Filter>源文件</Filter>
    </ClCompile>
    <ClCompile Include="Advanced\A85.cpp">
      <Filter>源文件</Filter>
    </ClCompile>
    <ClCompile Include="Advanced\A10.cpp">
      <Filter>源文件</Filter>
    </ClCompile>
    <ClCompile Include="Advanced\A44.cpp">
      <Filter>源文件</Filter>
    </ClCompile>
    <ClCompile Include="Advanced\A89.cpp">
      <Filter>源文件</Filter>
    </ClCompile>
    <ClCompile Include="Advanced\A29.cpp">
      <Filter>源文件</Filter>
    </ClCompile>
    <ClCompile Include="Advanced\A93.cpp">
      <Filter>源文件</Filter>
    </ClCompile>
    <ClCompile Include="Advanced\A101.cpp">
      <Filter>源文件</Filter>
    </ClCompile>
    <ClCompile Include="Advanced\A69.cpp">
      <Filter>源文件</Filter>
    </ClCompile>
    <ClCompile Include="Advanced\A104.cpp">
      <Filter>源文件</Filter>
    </ClCompile>
    <ClCompile Include="Advanced\A8.cpp">
      <Filter>源文件</Filter>
    </ClCompile>
    <ClCompile Include="Advanced\A49.cpp">
      <Filter>源文件</Filter>
    </ClCompile>
    <ClCompile Include="Advanced\A81.cpp">
      <Filter>源文件</Filter>
    </ClCompile>
    <ClCompile Include="Advanced\A88.cpp">
      <Filter>源文件</Filter>
    </ClCompile>
    <ClCompile Include="Advanced\A15.cpp">
      <Filter>源文件</Filter>
    </ClCompile>
    <ClCompile Include="Advanced\A78.cpp">
      <Filter>源文件</Filter>
    </ClCompile>
    <ClCompile Include="Advanced\A96.cpp">
      <Filter>源文件</Filter>
    </ClCompile>
    <ClCompile Include="Advanced\A59.cpp">
      <Filter>源文件</Filter>
    </ClCompile>
    <ClCompile Include="Advanced\A23.cpp">
      <Filter>源文件</Filter>
    </ClCompile>
    <ClCompile Include="Advanced\A24.cpp">
      <Filter>源文件</Filter>
    </ClCompile>
    <ClCompile Include="Advanced\A39.cpp">
      <Filter>源文件</Filter>
    </ClCompile>
    <ClCompile Include="Advanced\A47.cpp">
      <Filter>源文件</Filter>
    </ClCompile>
    <ClCompile Include="Advanced\A155.cpp">
      <Filter>源文件</Filter>
    </ClCompile>
    <ClCompile Include="Advanced\A154.cpp">
      <Filter>源文件</Filter>
    </ClCompile>
    <ClCompile Include="Advanced\A153.cpp">
      <Filter>源文件</Filter>
    </ClCompile>
    <ClCompile Include="Advanced\A152.cpp">
      <Filter>源文件</Filter>
    </ClCompile>
    <ClCompile Include="Advanced\A63.cpp">
      <Filter>源文件</Filter>
    </ClCompile>
    <ClCompile Include="Advanced\A60.cpp">
      <Filter>源文件</Filter>
    </ClCompile>
    <ClCompile Include="Advanced\A100.cpp">
      <Filter>源文件</Filter>
    </ClCompile>
    <ClCompile Include="Advanced\A54.cpp">
      <Filter>源文件</Filter>
    </ClCompile>
    <ClCompile Include="Advanced\A71.cpp">
      <Filter>源文件</Filter>
    </ClCompile>
    <ClCompile Include="Advanced\A22.cpp">
      <Filter>源文件</Filter>
    </ClCompile>
    <ClCompile Include="Advanced\A51.cpp">
      <Filter>源文件</Filter>
    </ClCompile>
    <ClCompile Include="Advanced\A56.cpp">
      <Filter>源文件</Filter>
    </ClCompile>
    <ClCompile Include="Advanced\A74.cpp">
      <Filter>源文件</Filter>
    </ClCompile>
    <ClCompile Include="Advanced\A32.cpp">
      <Filter>源文件</Filter>
    </ClCompile>
    <ClCompile Include="Advanced\A52.cpp">
      <Filter>源文件</Filter>
    </ClCompile>
    <ClCompile Include="Advanced\A97.cpp">
      <Filter>源文件</Filter>
    </ClCompile>
    <ClCompile Include="Advanced\A103.cpp">
      <Filter>源文件</Filter>
    </ClCompile>
    <ClCompile Include="Advanced\A151.cpp">
      <Filter>源文件</Filter>
    </ClCompile>
    <ClCompile Include="Advanced\A150.cpp">
      <Filter>源文件</Filter>
    </ClCompile>
    <ClCompile Include="Advanced\A91.cpp">
      <Filter>源文件</Filter>
    </ClCompile>
    <ClCompile Include="Advanced\A20.cpp">
      <Filter>源文件</Filter>
    </ClCompile>
    <ClCompile Include="Advanced\A86.cpp">
      <Filter>源文件</Filter>
    </ClCompile>
    <ClCompile Include="Advanced\A102.cpp">
      <Filter>源文件</Filter>
    </ClCompile>
    <ClCompile Include="Advanced\A121.cpp">
      <Filter>源文件</Filter>
    </ClCompile>
    <ClCompile Include="Advanced\A149.cpp">
      <Filter>源文件</Filter>
    </ClCompile>
    <ClCompile Include="Advanced\A90.cpp">
      <Filter>源文件</Filter>
    </ClCompile>
    <ClCompile Include="Advanced\A79.cpp">
      <Filter>源文件</Filter>
    </ClCompile>
    <ClCompile Include="Advanced\A94.cpp">
      <Filter>源文件</Filter>
    </ClCompile>
    <ClCompile Include="Advanced\A106.cpp">
      <Filter>源文件</Filter>
    </ClCompile>
    <ClCompile Include="Advanced\A4.cpp">
      <Filter>源文件</Filter>
    </ClCompile>
    <ClCompile Include="Advanced\A53.cpp">
      <Filter>源文件</Filter>
    </ClCompile>
    <ClCompile Include="Advanced\A43.cpp">
      <Filter>源文件</Filter>
    </ClCompile>
    <ClCompile Include="Advanced\A125.cpp">
      <Filter>源文件</Filter>
    </ClCompile>
    <ClCompile Include="Advanced\A148.cpp">
      <Filter>源文件</Filter>
    </ClCompile>
    <ClCompile Include="Advanced\A147.cpp">
      <Filter>源文件</Filter>
    </ClCompile>
    <ClCompile Include="Advanced\A146.cpp">
      <Filter>源文件</Filter>
    </ClCompile>
    <ClCompile Include="Advanced\A64.cpp">
      <Filter>源文件</Filter>
    </ClCompile>
    <ClCompile Include="Advanced\A99.cpp">
      <Filter>源文件</Filter>
    </ClCompile>
    <ClCompile Include="Advanced\A66.cpp">
      <Filter>源文件</Filter>
    </ClCompile>
    <ClCompile Include="Advanced\A107.cpp">
      <Filter>源文件</Filter>
    </ClCompile>
    <ClCompile Include="Advanced\A98.cpp">
      <Filter>源文件</Filter>
    </ClCompile>
    <ClCompile Include="Advanced\A13.cpp">
      <Filter>源文件</Filter>
    </ClCompile>
    <ClCompile Include="Advanced\A21.cpp">
      <Filter>源文件</Filter>
    </ClCompile>
    <ClCompile Include="Advanced\A76.cpp">
      <Filter>源文件</Filter>
    </ClCompile>
    <ClCompile Include="SJTU\2.cpp">
      <Filter>源文件</Filter>
    </ClCompile>
    <ClCompile Include="Advanced\A18.cpp">
      <Filter>源文件</Filter>
    </ClCompile>
    <ClCompile Include="Advanced\A30.cpp">
      <Filter>源文件</Filter>
    </ClCompile>
    <ClCompile Include="Advanced\A118.cpp">
      <Filter>源文件</Filter>
    </ClCompile>
    <ClCompile Include="Advanced\A145.cpp">
      <Filter>源文件</Filter>
    </ClCompile>
    <ClCompile Include="Advanced\A34.cpp">
      <Filter>源文件</Filter>
    </ClCompile>
    <ClCompile Include="SJTU\1.cpp">
      <Filter>源文件</Filter>
    </ClCompile>
    <ClCompile Include="SJTU\8.cpp">
      <Filter>源文件</Filter>
    </ClCompile>
    <ClCompile Include="SJTU\10.cpp">
      <Filter>源文件</Filter>
    </ClCompile>
    <ClCompile Include="SJTU\HUAWEI_Test1.cpp">
      <Filter>源文件</Filter>
    </ClCompile>
    <ClCompile Include="SJTU\HUAWEI_Test2.cpp">
      <Filter>源文件</Filter>
    </ClCompile>
    <ClCompile Include="SJTU\13.cpp">
      <Filter>源文件</Filter>
    </ClCompile>
    <ClCompile Include="Advanced\A131.cpp">
      <Filter>源文件</Filter>
    </ClCompile>
    <ClCompile Include="Advanced\A72.cpp">
      <Filter>源文件</Filter>
    </ClCompile>
    <ClCompile Include="Advanced\A87.cpp">
      <Filter>源文件</Filter>
    </ClCompile>
    <ClCompile Include="Advanced\A7.cpp">
      <Filter>源文件</Filter>
    </ClCompile>
    <ClCompile Include="HUAWEI_Test_3.cpp">
      <Filter>源文件</Filter>
    </ClCompile>
    <ClCompile Include="A45.cpp">
      <Filter>源文件</Filter>
    </ClCompile>
    <ClCompile Include="Advanced\A40.cpp">
      <Filter>源文件</Filter>
    </ClCompile>
    <ClCompile Include="Advanced\A57.cpp">
      <Filter>源文件</Filter>
    </ClCompile>
    <ClCompile Include="Advanced\A105.cpp">
      <Filter>源文件</Filter>
    </ClCompile>
    <ClCompile Include="Advanced\A17.cpp">
      <Filter>源文件</Filter>
    </ClCompile>
    <ClCompile Include="Advanced\A14.cpp">
      <Filter>源文件</Filter>
    </ClCompile>
    <ClCompile Include="Advanced\A26.cpp">
      <Filter>源文件</Filter>
    </ClCompile>
    <ClCompile Include="Advanced\A110.cpp">
      <Filter>源文件</Filter>
    </ClCompile>
    <ClCompile Include="Advanced\A128.cpp">
      <Filter>源文件</Filter>
    </ClCompile>
    <ClCompile Include="Advanced\A140.cpp">
      <Filter>源文件</Filter>
    </ClCompile>
    <ClCompile Include="Advanced\A108.cpp">
      <Filter>源文件</Filter>
    </ClCompile>
    <ClCompile Include="Advanced\A136.cpp">
      <Filter>源文件</Filter>
    </ClCompile>
    <ClCompile Include="Advanced\A135.cpp">
      <Filter>源文件</Filter>
    </ClCompile>
    <ClCompile Include="SJTU\MEITUAN_Test1.cpp">
      <Filter>源文件</Filter>
    </ClCompile>
    <ClCompile Include="Advanced\A134.cpp">
      <Filter>源文件</Filter>
    </ClCompile>
    <ClCompile Include="SJTU\MEITUAN_Test2.cpp">
      <Filter>源文件</Filter>
    </ClCompile>
    <ClCompile Include="SJTU\MEITUAN_Test3.cpp">
      <Filter>源文件</Filter>
    </ClCompile>
    <ClCompile Include="SJTU\MEITUAN_Test4.cpp">
      <Filter>源文件</Filter>
    </ClCompile>
    <ClCompile Include="SJTU\MEITUAN_Test5.cpp">
      <Filter>源文件</Filter>
    </ClCompile>
    <ClCompile Include="Advanced\A129.cpp">
      <Filter>源文件</Filter>
    </ClCompile>
    <ClCompile Include="Advanced\A114.cpp">
      <Filter>源文件</Filter>
    </ClCompile>
    <ClCompile Include="Advanced\A143.cpp">
      <Filter>源文件</Filter>
    </ClCompile>
    <ClCompile Include="Advanced\A112.cpp">
      <Filter>源文件</Filter>
    </ClCompile>
    <ClCompile Include="Advanced\A116.cpp">
      <Filter>源文件</Filter>
    </ClCompile>
    <ClCompile Include="Advanced\A138.cpp">
      <Filter>源文件</Filter>
    </ClCompile>
    <ClCompile Include="Advanced\A123.cpp">
      <Filter>源文件</Filter>
    </ClCompile>
    <ClCompile Include="SJTU\ZIJIETest1.cpp">
      <Filter>源文件</Filter>
    </ClCompile>
    <ClCompile Include="SJTU\ZIJIE_Test2.cpp">
      <Filter>源文件</Filter>
    </ClCompile>
    <ClCompile Include="SJTU\ZIJIE_Test3.cpp">
      <Filter>源文件</Filter>
    </ClCompile>
    <ClCompile Include="SJTU\ZIJIE_Test4.cpp">
      <Filter>源文件</Filter>
    </ClCompile>
    <ClCompile Include="Advanced\A117.cpp">
      <Filter>源文件</Filter>
    </ClCompile>
    <ClCompile Include="Advanced\A141.cpp">
      <Filter>源文件</Filter>
    </ClCompile>
    <ClCompile Include="Advanced\A109.cpp">
      <Filter>源文件</Filter>
    </ClCompile>
    <ClCompile Include="Advanced\A127.cpp">
      <Filter>源文件</Filter>
    </ClCompile>
    <ClCompile Include="Advanced\A126.cpp">
      <Filter>源文件</Filter>
    </ClCompile>
    <ClCompile Include="Advanced\A120.cpp">
      <Filter>源文件</Filter>
    </ClCompile>
    <ClCompile Include="Advanced\A133.cpp">
      <Filter>源文件</Filter>
    </ClCompile>
    <ClCompile Include="Advanced\A144.cpp">
      <Filter>源文件</Filter>
    </ClCompile>
    <ClCompile Include="Advanced\A111.cpp">
      <Filter>源文件</Filter>
    </ClCompile>
    <ClCompile Include="Advanced\A113.cpp">
      <Filter>源文件</Filter>
    </ClCompile>
    <ClCompile Include="Advanced\A119.cpp">
      <Filter>源文件</Filter>
    </ClCompile>
    <ClCompile Include="Advanced\A115.cpp">
      <Filter>源文件</Filter>
    </ClCompile>
    <ClCompile Include="Advanced\A122.cpp">
      <Filter>源文件</Filter>
    </ClCompile>
    <ClCompile Include="Advanced\A124.cpp">
      <Filter>源文件</Filter>
    </ClCompile>
    <ClCompile Include="Advanced\A130.cpp">
      <Filter>源文件</Filter>
    </ClCompile>
    <ClCompile Include="Advanced\A132.cpp">
      <Filter>源文件</Filter>
    </ClCompile>
    <ClCompile Include="Advanced\A137.cpp">
      <Filter>源文件</Filter>
    </ClCompile>
    <ClCompile Include="Advanced\A142.cpp">
      <Filter>源文件</Filter>
    </ClCompile>
    <ClCompile Include="SJTU\KUSISHOU_Test4.cpp">
      <Filter>源文件</Filter>
    </ClCompile>
    <ClCompile Include="Advanced\A139.cpp">
      <Filter>源文件</Filter>
    </ClCompile>
    <ClCompile Include="SJTU\SHENXF_Test1.cpp">
      <Filter>源文件</Filter>
    </ClCompile>
    <ClCompile Include="SJTU\SHENXF_Test2.cpp">
      <Filter>源文件</Filter>
    </ClCompile>
    <ClCompile Include="SJTU\SHENXF_Test3.cpp">
      <Filter>源文件</Filter>
    </ClCompile>
    <ClCompile Include="SJTU\ALIBB_Test2.cpp">
      <Filter>源文件</Filter>
    </ClCompile>
    <ClCompile Include="SJTU\ALIBB_Test1.cpp">
      <Filter>源文件</Filter>
    </ClCompile>
    <ClCompile Include="Top\T2.cpp">
      <Filter>源文件</Filter>
    </ClCompile>
    <ClCompile Include="SJTU\XIECHEN_Test1.cpp">
      <Filter>源文件</Filter>
    </ClCompile>
    <ClCompile Include="SJTU\XIECHEN_Test2.cpp">
      <Filter>源文件</Filter>
    </ClCompile>
    <ClCompile Include="SJTU\XIECHEN_Test3.cpp">
      <Filter>源文件</Filter>
    </ClCompile>
    <ClCompile Include="Top\T4.cpp">
      <Filter>源文件</Filter>
    </ClCompile>
    <ClCompile Include="SJTU\WANGYI_Test1.cpp">
      <Filter>源文件</Filter>
    </ClCompile>
    <ClCompile Include="SJTU\WANGYI_Test2.cpp">
      <Filter>源文件</Filter>
    </ClCompile>
    <ClCompile Include="SJTU\WANGYI_Test4.cpp">
      <Filter>源文件</Filter>
    </ClCompile>
    <ClCompile Include="SJTU\WANGYI_Test3.cpp">
      <Filter>源文件</Filter>
    </ClCompile>
    <ClCompile Include="SJTU\ZIJIE_Test_Mian.cpp">
      <Filter>源文件</Filter>
    </ClCompile>
    <ClCompile Include="LeetCode\445.cpp">
      <Filter>源文件</Filter>
    </ClCompile>
    <ClCompile Include="LeetCode\200.cpp">
      <Filter>源文件</Filter>
    </ClCompile>
    <ClCompile Include="LeetCode\15.cpp">
      <Filter>源文件</Filter>
    </ClCompile>
    <ClCompile Include="LeetCode\1248.cpp">
      <Filter>源文件</Filter>
    </ClCompile>
    <ClCompile Include="LeetCode\546.cpp">
      <Filter>源文件</Filter>
    </ClCompile>
    <ClCompile Include="LeetCode\684.cpp">
      <Filter>源文件</Filter>
    </ClCompile>
    <ClCompile Include="LeetCode\1095.cpp">
      <Filter>源文件</Filter>
    </ClCompile>
    <ClCompile Include="LeetCode\202.cpp">
      <Filter>源文件</Filter>
    </ClCompile>
    <ClCompile Include="LeetCode\3.cpp">
      <Filter>源文件</Filter>
    </ClCompile>
    <ClCompile Include="LeetCode\线段树.cpp">
      <Filter>源文件</Filter>
    </ClCompile>
    <ClCompile Include="LeetCode\220.cpp">
      <Filter>源文件</Filter>
    </ClCompile>
    <ClCompile Include="LeetCode\502.cpp">
      <Filter>源文件</Filter>
    </ClCompile>
    <ClCompile Include="LeetCode\47.cpp">
      <Filter>源文件</Filter>
    </ClCompile>
    <ClCompile Include="LeetCode\39.cpp">
      <Filter>源文件</Filter>
    </ClCompile>
    <ClCompile Include="LeetCode\CodesSave.cpp">
      <Filter>源文件</Filter>
    </ClCompile>
    <ClCompile Include="LeetCode\38.cpp">
      <Filter>源文件</Filter>
    </ClCompile>
    <ClCompile Include="LeetCode\152.cpp">
      <Filter>源文件</Filter>
    </ClCompile>
    <ClCompile Include="LeetCode\210.cpp">
      <Filter>源文件</Filter>
    </ClCompile>
    <ClCompile Include="LeetCode\1371.cpp">
      <Filter>源文件</Filter>
    </ClCompile>
    <ClCompile Include="LeetCode\4.cpp">
      <Filter>源文件</Filter>
    </ClCompile>
    <ClCompile Include="LeetCode\394.cpp">
      <Filter>源文件</Filter>
    </ClCompile>
    <ClCompile Include="LeetCode\41.cpp">
      <Filter>源文件</Filter>
    </ClCompile>
    <ClCompile Include="SJTU\p1.cpp">
      <Filter>源文件</Filter>
    </ClCompile>
    <ClCompile Include="SJTU\p2.cpp">
      <Filter>源文件</Filter>
    </ClCompile>
    <ClCompile Include="SJTU\p3.cpp">
      <Filter>源文件</Filter>
    </ClCompile>
    <ClCompile Include="SJTU\ZHUQILI.cpp">
      <Filter>源文件</Filter>
    </ClCompile>
    <ClCompile Include="LeetCode\35.cpp">
      <Filter>源文件</Filter>
    </ClCompile>
    <ClCompile Include="LeetCode\49.cpp">
      <Filter>源文件</Filter>
    </ClCompile>
  </ItemGroup>
</Project>